
Microsoft Visual Studio Solution File, Format Version 12.00
# Visual Studio Version 16
VisualStudioVersion = 16.0.29306.81
MinimumVisualStudioVersion = 10.0.40219.1
Project("{9A19103F-16F7-4668-BE54-9A1E7A4F7556}") = "DarkestDark.CLI", "DarkestDark.CLI\DarkestDark.CLI.csproj", "{62B8052C-9ECB-482F-AA62-3473D9D229BF}"
EndProject
Project("{9A19103F-16F7-4668-BE54-9A1E7A4F7556}") = "DarkestDark.Game", "DarkestDark.Game\DarkestDark.Game.csproj", "{054C0385-0F36-4B01-8117-09E782B62CD7}"
EndProject
Project("{9A19103F-16F7-4668-BE54-9A1E7A4F7556}") = "DarkestDark.Data", "DarkestDark.Data\DarkestDark.Data.csproj", "{77135EF8-0E83-4664-B30F-9702D5DE2163}"
EndProject
Project("{9A19103F-16F7-4668-BE54-9A1E7A4F7556}") = "Factorio.Mess", "Factorio.Mess\Factorio.Mess.csproj", "{38ECA70B-3A93-4DC2-8E46-1D6AE0633CAA}"
EndProject
Project("{2150E333-8FDC-42A3-9474-1A3956D46DE8}") = "Solution Items", "Solution Items", "{384BC95C-E1FF-4F72-8138-6A3EA3A59F06}"
	ProjectSection(SolutionItems) = preProject
		Notes.md = Notes.md
	EndProjectSection
EndProject
Project("{9A19103F-16F7-4668-BE54-9A1E7A4F7556}") = "Exercises.Recursion", "Exercises.Recursion\Exercises.Recursion.csproj", "{FE989749-8C97-4B2D-92B4-59AF1EE79188}"
EndProject
Project("{FAE04EC0-301F-11D3-BF4B-00C04F79EFBC}") = "Exercisez02", "Exercisez02\Exercisez02.csproj", "{0D2DE6B8-2A75-4C39-9366-EBA9331A5995}"
EndProject
Global
	GlobalSection(SolutionConfigurationPlatforms) = preSolution
		Debug|Any CPU = Debug|Any CPU
		Release|Any CPU = Release|Any CPU
	EndGlobalSection
	GlobalSection(ProjectConfigurationPlatforms) = postSolution
		{62B8052C-9ECB-482F-AA62-3473D9D229BF}.Debug|Any CPU.ActiveCfg = Debug|Any CPU
		{62B8052C-9ECB-482F-AA62-3473D9D229BF}.Debug|Any CPU.Build.0 = Debug|Any CPU
		{62B8052C-9ECB-482F-AA62-3473D9D229BF}.Release|Any CPU.ActiveCfg = Release|Any CPU
		{62B8052C-9ECB-482F-AA62-3473D9D229BF}.Release|Any CPU.Build.0 = Release|Any CPU
		{054C0385-0F36-4B01-8117-09E782B62CD7}.Debug|Any CPU.ActiveCfg = Debug|Any CPU
		{054C0385-0F36-4B01-8117-09E782B62CD7}.Debug|Any CPU.Build.0 = Debug|Any CPU
		{054C0385-0F36-4B01-8117-09E782B62CD7}.Release|Any CPU.ActiveCfg = Release|Any CPU
		{054C0385-0F36-4B01-8117-09E782B62CD7}.Release|Any CPU.Build.0 = Release|Any CPU
		{77135EF8-0E83-4664-B30F-9702D5DE2163}.Debug|Any CPU.ActiveCfg = Debug|Any CPU
		{77135EF8-0E83-4664-B30F-9702D5DE2163}.Debug|Any CPU.Build.0 = Debug|Any CPU
		{77135EF8-0E83-4664-B30F-9702D5DE2163}.Release|Any CPU.ActiveCfg = Release|Any CPU
		{77135EF8-0E83-4664-B30F-9702D5DE2163}.Release|Any CPU.Build.0 = Release|Any CPU
		{38ECA70B-3A93-4DC2-8E46-1D6AE0633CAA}.Debug|Any CPU.ActiveCfg = Debug|Any CPU
		{38ECA70B-3A93-4DC2-8E46-1D6AE0633CAA}.Debug|Any CPU.Build.0 = Debug|Any CPU
		{38ECA70B-3A93-4DC2-8E46-1D6AE0633CAA}.Release|Any CPU.ActiveCfg = Release|Any CPU
		{38ECA70B-3A93-4DC2-8E46-1D6AE0633CAA}.Release|Any CPU.Build.0 = Release|Any CPU
		{FE989749-8C97-4B2D-92B4-59AF1EE79188}.Debug|Any CPU.ActiveCfg = Debug|Any CPU
		{FE989749-8C97-4B2D-92B4-59AF1EE79188}.Debug|Any CPU.Build.0 = Debug|Any CPU
		{FE989749-8C97-4B2D-92B4-59AF1EE79188}.Release|Any CPU.ActiveCfg = Release|Any CPU
		{FE989749-8C97-4B2D-92B4-59AF1EE79188}.Release|Any CPU.Build.0 = Release|Any CPU
		{0D2DE6B8-2A75-4C39-9366-EBA9331A5995}.Debug|Any CPU.ActiveCfg = Debug|Any CPU
		{0D2DE6B8-2A75-4C39-9366-EBA9331A5995}.Debug|Any CPU.Build.0 = Debug|Any CPU
		{0D2DE6B8-2A75-4C39-9366-EBA9331A5995}.Release|Any CPU.ActiveCfg = Release|Any CPU
		{0D2DE6B8-2A75-4C39-9366-EBA9331A5995}.Release|Any CPU.Build.0 = Release|Any CPU
	EndGlobalSection
	GlobalSection(SolutionProperties) = preSolution
		HideSolutionNode = FALSE
	EndGlobalSection
	GlobalSection(ExtensibilityGlobals) = postSolution
		SolutionGuid = {C9E2CB42-AE91-4AC4-9C13-EED579FE4CC3}
	EndGlobalSection
EndGlobal
